
Microsoft Visual Studio Solution File, Format Version 12.00
# Visual Studio Version 17
VisualStudioVersion = 17.3.32825.248
MinimumVisualStudioVersion = 10.0.40219.1
Project("{9A19103F-16F7-4668-BE54-9A1E7A4F7556}") = "OpenScrape.App", "src\OpenScrape.App\OpenScrape.App.csproj", "{0E8D1B5A-DBF7-4ABA-81E4-AFBE927B6F50}"
EndProject
Project("{2150E333-8FDC-42A3-9474-1A3956D46DE8}") = "src", "src", "{0506C12E-DC87-401E-A5CC-0D375C7CF7E1}"
EndProject
Project("{FAE04EC0-301F-11D3-BF4B-00C04F79EFBC}") = "OpenScrape.Infrastructure", "src\OpenScrape.Infrastructure\OpenScrape.Infrastructure.csproj", "{19499CCF-0DC8-4AE8-BD4E-AC12116ED4AE}"
EndProject
Project("{FAE04EC0-301F-11D3-BF4B-00C04F79EFBC}") = "OpenScrape.Features", "src\OpenScrape.Features\OpenScrape.Features.csproj", "{CF5F519E-3427-4AA1-AD3D-FEE52FEF87A6}"
EndProject
Project("{FAE04EC0-301F-11D3-BF4B-00C04F79EFBC}") = "OpenScrape.Domain", "src\OpenScrape.Domain\OpenScrape.Domain.csproj", "{1E6A02DA-D2FE-4109-AB4C-B56BF1A9736B}"
EndProject
Project("{FAE04EC0-301F-11D3-BF4B-00C04F79EFBC}") = "OpenScrape.DecisionMaker", "src\OpenScrape.DecisionMaker\OpenScrape.DecisionMaker.csproj", "{F3FCBCBA-9553-4911-93E7-C531D124A95E}"
EndProject
Project("{2150E333-8FDC-42A3-9474-1A3956D46DE8}") = "test", "test", "{0C88DD14-F956-CE84-757C-A364CCF449FC}"
EndProject
Project("{FAE04EC0-301F-11D3-BF4B-00C04F79EFBC}") = "OpenScrape.App.Tests", "test\OpenScrape.App.Tests\OpenScrape.App.Tests.csproj", "{FBEE1952-7C4C-4AF9-BF1E-82D97F3E16AF}"
EndProject
Project("{2150E333-8FDC-42A3-9474-1A3956D46DE8}") = "Tools", "Tools", "{4D50C872-0B2B-01E2-E75D-055F43F25A9C}"
EndProject
Project("{FAE04EC0-301F-11D3-BF4B-00C04F79EFBC}") = "BenchmarkSuite1", "src\Tools\BenchmarkSuite1\BenchmarkSuite1.csproj", "{C2A37463-029A-426F-A144-126CB6927F36}"
EndProject
Project("{FAE04EC0-301F-11D3-BF4B-00C04F79EFBC}") = "ExtractorTablas", "src\Tools\ExtractorTablas\ExtractorTablas.csproj", "{A51F4314-0AF7-449C-BE92-25EFCAF4CD58}"
EndProject
Global
	GlobalSection(SolutionConfigurationPlatforms) = preSolution
		Debug|Any CPU = Debug|Any CPU
		Debug|ARM = Debug|ARM
		Debug|ARM32 = Debug|ARM32
		Debug|ARM64 = Debug|ARM64
		Debug|x64 = Debug|x64
		Debug|x86 = Debug|x86
		Release|Any CPU = Release|Any CPU
		Release|ARM = Release|ARM
		Release|ARM32 = Release|ARM32
		Release|ARM64 = Release|ARM64
		Release|x64 = Release|x64
		Release|x86 = Release|x86
	EndGlobalSection
	GlobalSection(ProjectConfigurationPlatforms) = postSolution
		{0E8D1B5A-DBF7-4ABA-81E4-AFBE927B6F50}.Debug|Any CPU.ActiveCfg = Debug|Any CPU
		{0E8D1B5A-DBF7-4ABA-81E4-AFBE927B6F50}.Debug|Any CPU.Build.0 = Debug|Any CPU
		{0E8D1B5A-DBF7-4ABA-81E4-AFBE927B6F50}.Debug|ARM.ActiveCfg = Debug|Any CPU
		{0E8D1B5A-DBF7-4ABA-81E4-AFBE927B6F50}.Debug|ARM.Build.0 = Debug|Any CPU
		{0E8D1B5A-DBF7-4ABA-81E4-AFBE927B6F50}.Debug|ARM32.ActiveCfg = Debug|Any CPU
		{0E8D1B5A-DBF7-4ABA-81E4-AFBE927B6F50}.Debug|ARM32.Build.0 = Debug|Any CPU
		{0E8D1B5A-DBF7-4ABA-81E4-AFBE927B6F50}.Debug|ARM64.ActiveCfg = Debug|Any CPU
		{0E8D1B5A-DBF7-4ABA-81E4-AFBE927B6F50}.Debug|ARM64.Build.0 = Debug|Any CPU
		{0E8D1B5A-DBF7-4ABA-81E4-AFBE927B6F50}.Debug|x64.ActiveCfg = Debug|Any CPU
		{0E8D1B5A-DBF7-4ABA-81E4-AFBE927B6F50}.Debug|x64.Build.0 = Debug|Any CPU
		{0E8D1B5A-DBF7-4ABA-81E4-AFBE927B6F50}.Debug|x86.ActiveCfg = Debug|Any CPU
		{0E8D1B5A-DBF7-4ABA-81E4-AFBE927B6F50}.Debug|x86.Build.0 = Debug|Any CPU
		{0E8D1B5A-DBF7-4ABA-81E4-AFBE927B6F50}.Release|Any CPU.ActiveCfg = Release|Any CPU
		{0E8D1B5A-DBF7-4ABA-81E4-AFBE927B6F50}.Release|Any CPU.Build.0 = Release|Any CPU
		{0E8D1B5A-DBF7-4ABA-81E4-AFBE927B6F50}.Release|ARM.ActiveCfg = Release|Any CPU
		{0E8D1B5A-DBF7-4ABA-81E4-AFBE927B6F50}.Release|ARM.Build.0 = Release|Any CPU
		{0E8D1B5A-DBF7-4ABA-81E4-AFBE927B6F50}.Release|ARM32.ActiveCfg = Release|Any CPU
		{0E8D1B5A-DBF7-4ABA-81E4-AFBE927B6F50}.Release|ARM32.Build.0 = Release|Any CPU
		{0E8D1B5A-DBF7-4ABA-81E4-AFBE927B6F50}.Release|ARM64.ActiveCfg = Release|Any CPU
		{0E8D1B5A-DBF7-4ABA-81E4-AFBE927B6F50}.Release|ARM64.Build.0 = Release|Any CPU
		{0E8D1B5A-DBF7-4ABA-81E4-AFBE927B6F50}.Release|x64.ActiveCfg = Release|Any CPU
		{0E8D1B5A-DBF7-4ABA-81E4-AFBE927B6F50}.Release|x64.Build.0 = Release|Any CPU
		{0E8D1B5A-DBF7-4ABA-81E4-AFBE927B6F50}.Release|x86.ActiveCfg = Release|Any CPU
		{0E8D1B5A-DBF7-4ABA-81E4-AFBE927B6F50}.Release|x86.Build.0 = Release|Any CPU
		{19499CCF-0DC8-4AE8-BD4E-AC12116ED4AE}.Debug|Any CPU.ActiveCfg = Debug|Any CPU
		{19499CCF-0DC8-4AE8-BD4E-AC12116ED4AE}.Debug|Any CPU.Build.0 = Debug|Any CPU
		{19499CCF-0DC8-4AE8-BD4E-AC12116ED4AE}.Debug|ARM.ActiveCfg = Debug|Any CPU
		{19499CCF-0DC8-4AE8-BD4E-AC12116ED4AE}.Debug|ARM.Build.0 = Debug|Any CPU
		{19499CCF-0DC8-4AE8-BD4E-AC12116ED4AE}.Debug|ARM32.ActiveCfg = Debug|Any CPU
		{19499CCF-0DC8-4AE8-BD4E-AC12116ED4AE}.Debug|ARM32.Build.0 = Debug|Any CPU
		{19499CCF-0DC8-4AE8-BD4E-AC12116ED4AE}.Debug|ARM64.ActiveCfg = Debug|Any CPU
		{19499CCF-0DC8-4AE8-BD4E-AC12116ED4AE}.Debug|ARM64.Build.0 = Debug|Any CPU
		{19499CCF-0DC8-4AE8-BD4E-AC12116ED4AE}.Debug|x64.ActiveCfg = Debug|Any CPU
		{19499CCF-0DC8-4AE8-BD4E-AC12116ED4AE}.Debug|x64.Build.0 = Debug|Any CPU
		{19499CCF-0DC8-4AE8-BD4E-AC12116ED4AE}.Debug|x86.ActiveCfg = Debug|Any CPU
		{19499CCF-0DC8-4AE8-BD4E-AC12116ED4AE}.Debug|x86.Build.0 = Debug|Any CPU
		{19499CCF-0DC8-4AE8-BD4E-AC12116ED4AE}.Release|Any CPU.ActiveCfg = Release|Any CPU
		{19499CCF-0DC8-4AE8-BD4E-AC12116ED4AE}.Release|Any CPU.Build.0 = Release|Any CPU
		{19499CCF-0DC8-4AE8-BD4E-AC12116ED4AE}.Release|ARM.ActiveCfg = Release|Any CPU
		{19499CCF-0DC8-4AE8-BD4E-AC12116ED4AE}.Release|ARM.Build.0 = Release|Any CPU
		{19499CCF-0DC8-4AE8-BD4E-AC12116ED4AE}.Release|ARM32.ActiveCfg = Release|Any CPU
		{19499CCF-0DC8-4AE8-BD4E-AC12116ED4AE}.Release|ARM32.Build.0 = Release|Any CPU
		{19499CCF-0DC8-4AE8-BD4E-AC12116ED4AE}.Release|ARM64.ActiveCfg = Release|Any CPU
		{19499CCF-0DC8-4AE8-BD4E-AC12116ED4AE}.Release|ARM64.Build.0 = Release|Any CPU
		{19499CCF-0DC8-4AE8-BD4E-AC12116ED4AE}.Release|x64.ActiveCfg = Release|Any CPU
		{19499CCF-0DC8-4AE8-BD4E-AC12116ED4AE}.Release|x64.Build.0 = Release|Any CPU
		{19499CCF-0DC8-4AE8-BD4E-AC12116ED4AE}.Release|x86.ActiveCfg = Release|Any CPU
		{19499CCF-0DC8-4AE8-BD4E-AC12116ED4AE}.Release|x86.Build.0 = Release|Any CPU
		{CF5F519E-3427-4AA1-AD3D-FEE52FEF87A6}.Debug|Any CPU.ActiveCfg = Debug|Any CPU
		{CF5F519E-3427-4AA1-AD3D-FEE52FEF87A6}.Debug|Any CPU.Build.0 = Debug|Any CPU
		{CF5F519E-3427-4AA1-AD3D-FEE52FEF87A6}.Debug|ARM.ActiveCfg = Debug|Any CPU
		{CF5F519E-3427-4AA1-AD3D-FEE52FEF87A6}.Debug|ARM.Build.0 = Debug|Any CPU
		{CF5F519E-3427-4AA1-AD3D-FEE52FEF87A6}.Debug|ARM32.ActiveCfg = Debug|Any CPU
		{CF5F519E-3427-4AA1-AD3D-FEE52FEF87A6}.Debug|ARM32.Build.0 = Debug|Any CPU
		{CF5F519E-3427-4AA1-AD3D-FEE52FEF87A6}.Debug|ARM64.ActiveCfg = Debug|Any CPU
		{CF5F519E-3427-4AA1-AD3D-FEE52FEF87A6}.Debug|ARM64.Build.0 = Debug|Any CPU
		{CF5F519E-3427-4AA1-AD3D-FEE52FEF87A6}.Debug|x64.ActiveCfg = Debug|Any CPU
		{CF5F519E-3427-4AA1-AD3D-FEE52FEF87A6}.Debug|x64.Build.0 = Debug|Any CPU
		{CF5F519E-3427-4AA1-AD3D-FEE52FEF87A6}.Debug|x86.ActiveCfg = Debug|Any CPU
		{CF5F519E-3427-4AA1-AD3D-FEE52FEF87A6}.Debug|x86.Build.0 = Debug|Any CPU
		{CF5F519E-3427-4AA1-AD3D-FEE52FEF87A6}.Release|Any CPU.ActiveCfg = Release|Any CPU
		{CF5F519E-3427-4AA1-AD3D-FEE52FEF87A6}.Release|Any CPU.Build.0 = Release|Any CPU
		{CF5F519E-3427-4AA1-AD3D-FEE52FEF87A6}.Release|ARM.ActiveCfg = Release|Any CPU
		{CF5F519E-3427-4AA1-AD3D-FEE52FEF87A6}.Release|ARM.Build.0 = Release|Any CPU
		{CF5F519E-3427-4AA1-AD3D-FEE52FEF87A6}.Release|ARM32.ActiveCfg = Release|Any CPU
		{CF5F519E-3427-4AA1-AD3D-FEE52FEF87A6}.Release|ARM32.Build.0 = Release|Any CPU
		{CF5F519E-3427-4AA1-AD3D-FEE52FEF87A6}.Release|ARM64.ActiveCfg = Release|Any CPU
		{CF5F519E-3427-4AA1-AD3D-FEE52FEF87A6}.Release|ARM64.Build.0 = Release|Any CPU
		{CF5F519E-3427-4AA1-AD3D-FEE52FEF87A6}.Release|x64.ActiveCfg = Release|Any CPU
		{CF5F519E-3427-4AA1-AD3D-FEE52FEF87A6}.Release|x64.Build.0 = Release|Any CPU
		{CF5F519E-3427-4AA1-AD3D-FEE52FEF87A6}.Release|x86.ActiveCfg = Release|Any CPU
		{CF5F519E-3427-4AA1-AD3D-FEE52FEF87A6}.Release|x86.Build.0 = Release|Any CPU
		{1E6A02DA-D2FE-4109-AB4C-B56BF1A9736B}.Debug|Any CPU.ActiveCfg = Debug|Any CPU
		{1E6A02DA-D2FE-4109-AB4C-B56BF1A9736B}.Debug|Any CPU.Build.0 = Debug|Any CPU
		{1E6A02DA-D2FE-4109-AB4C-B56BF1A9736B}.Debug|ARM.ActiveCfg = Debug|Any CPU
		{1E6A02DA-D2FE-4109-AB4C-B56BF1A9736B}.Debug|ARM.Build.0 = Debug|Any CPU
		{1E6A02DA-D2FE-4109-AB4C-B56BF1A9736B}.Debug|ARM32.ActiveCfg = Debug|Any CPU
		{1E6A02DA-D2FE-4109-AB4C-B56BF1A9736B}.Debug|ARM32.Build.0 = Debug|Any CPU
		{1E6A02DA-D2FE-4109-AB4C-B56BF1A9736B}.Debug|ARM64.ActiveCfg = Debug|Any CPU
		{1E6A02DA-D2FE-4109-AB4C-B56BF1A9736B}.Debug|ARM64.Build.0 = Debug|Any CPU
		{1E6A02DA-D2FE-4109-AB4C-B56BF1A9736B}.Debug|x64.ActiveCfg = Debug|Any CPU
		{1E6A02DA-D2FE-4109-AB4C-B56BF1A9736B}.Debug|x64.Build.0 = Debug|Any CPU
		{1E6A02DA-D2FE-4109-AB4C-B56BF1A9736B}.Debug|x86.ActiveCfg = Debug|Any CPU
		{1E6A02DA-D2FE-4109-AB4C-B56BF1A9736B}.Debug|x86.Build.0 = Debug|Any CPU
		{1E6A02DA-D2FE-4109-AB4C-B56BF1A9736B}.Release|Any CPU.ActiveCfg = Release|Any CPU
		{1E6A02DA-D2FE-4109-AB4C-B56BF1A9736B}.Release|Any CPU.Build.0 = Release|Any CPU
		{1E6A02DA-D2FE-4109-AB4C-B56BF1A9736B}.Release|ARM.ActiveCfg = Release|Any CPU
		{1E6A02DA-D2FE-4109-AB4C-B56BF1A9736B}.Release|ARM.Build.0 = Release|Any CPU
		{1E6A02DA-D2FE-4109-AB4C-B56BF1A9736B}.Release|ARM32.ActiveCfg = Release|Any CPU
		{1E6A02DA-D2FE-4109-AB4C-B56BF1A9736B}.Release|ARM32.Build.0 = Release|Any CPU
		{1E6A02DA-D2FE-4109-AB4C-B56BF1A9736B}.Release|ARM64.ActiveCfg = Release|Any CPU
		{1E6A02DA-D2FE-4109-AB4C-B56BF1A9736B}.Release|ARM64.Build.0 = Release|Any CPU
		{1E6A02DA-D2FE-4109-AB4C-B56BF1A9736B}.Release|x64.ActiveCfg = Release|Any CPU
		{1E6A02DA-D2FE-4109-AB4C-B56BF1A9736B}.Release|x64.Build.0 = Release|Any CPU
		{1E6A02DA-D2FE-4109-AB4C-B56BF1A9736B}.Release|x86.ActiveCfg = Release|Any CPU
		{1E6A02DA-D2FE-4109-AB4C-B56BF1A9736B}.Release|x86.Build.0 = Release|Any CPU
		{F3FCBCBA-9553-4911-93E7-C531D124A95E}.Debug|Any CPU.ActiveCfg = Debug|Any CPU
		{F3FCBCBA-9553-4911-93E7-C531D124A95E}.Debug|Any CPU.Build.0 = Debug|Any CPU
		{F3FCBCBA-9553-4911-93E7-C531D124A95E}.Debug|ARM.ActiveCfg = Debug|Any CPU
		{F3FCBCBA-9553-4911-93E7-C531D124A95E}.Debug|ARM.Build.0 = Debug|Any CPU
		{F3FCBCBA-9553-4911-93E7-C531D124A95E}.Debug|ARM32.ActiveCfg = Debug|Any CPU
		{F3FCBCBA-9553-4911-93E7-C531D124A95E}.Debug|ARM32.Build.0 = Debug|Any CPU
		{F3FCBCBA-9553-4911-93E7-C531D124A95E}.Debug|ARM64.ActiveCfg = Debug|Any CPU
		{F3FCBCBA-9553-4911-93E7-C531D124A95E}.Debug|ARM64.Build.0 = Debug|Any CPU
		{F3FCBCBA-9553-4911-93E7-C531D124A95E}.Debug|x64.ActiveCfg = Debug|Any CPU
		{F3FCBCBA-9553-4911-93E7-C531D124A95E}.Debug|x64.Build.0 = Debug|Any CPU
		{F3FCBCBA-9553-4911-93E7-C531D124A95E}.Debug|x86.ActiveCfg = Debug|Any CPU
		{F3FCBCBA-9553-4911-93E7-C531D124A95E}.Debug|x86.Build.0 = Debug|Any CPU
		{F3FCBCBA-9553-4911-93E7-C531D124A95E}.Release|Any CPU.ActiveCfg = Release|Any CPU
		{F3FCBCBA-9553-4911-93E7-C531D124A95E}.Release|Any CPU.Build.0 = Release|Any CPU
		{F3FCBCBA-9553-4911-93E7-C531D124A95E}.Release|ARM.ActiveCfg = Release|Any CPU
		{F3FCBCBA-9553-4911-93E7-C531D124A95E}.Release|ARM.Build.0 = Release|Any CPU
		{F3FCBCBA-9553-4911-93E7-C531D124A95E}.Release|ARM32.ActiveCfg = Release|Any CPU
		{F3FCBCBA-9553-4911-93E7-C531D124A95E}.Release|ARM32.Build.0 = Release|Any CPU
		{F3FCBCBA-9553-4911-93E7-C531D124A95E}.Release|ARM64.ActiveCfg = Release|Any CPU
		{F3FCBCBA-9553-4911-93E7-C531D124A95E}.Release|ARM64.Build.0 = Release|Any CPU
		{F3FCBCBA-9553-4911-93E7-C531D124A95E}.Release|x64.ActiveCfg = Release|Any CPU
		{F3FCBCBA-9553-4911-93E7-C531D124A95E}.Release|x64.Build.0 = Release|Any CPU
		{F3FCBCBA-9553-4911-93E7-C531D124A95E}.Release|x86.ActiveCfg = Release|Any CPU
		{F3FCBCBA-9553-4911-93E7-C531D124A95E}.Release|x86.Build.0 = Release|Any CPU
		{FBEE1952-7C4C-4AF9-BF1E-82D97F3E16AF}.Debug|Any CPU.ActiveCfg = Debug|Any CPU
		{FBEE1952-7C4C-4AF9-BF1E-82D97F3E16AF}.Debug|Any CPU.Build.0 = Debug|Any CPU
		{FBEE1952-7C4C-4AF9-BF1E-82D97F3E16AF}.Debug|ARM.ActiveCfg = Debug|Any CPU
		{FBEE1952-7C4C-4AF9-BF1E-82D97F3E16AF}.Debug|ARM.Build.0 = Debug|Any CPU
		{FBEE1952-7C4C-4AF9-BF1E-82D97F3E16AF}.Debug|ARM32.ActiveCfg = Debug|Any CPU
		{FBEE1952-7C4C-4AF9-BF1E-82D97F3E16AF}.Debug|ARM32.Build.0 = Debug|Any CPU
		{FBEE1952-7C4C-4AF9-BF1E-82D97F3E16AF}.Debug|ARM64.ActiveCfg = Debug|Any CPU
		{FBEE1952-7C4C-4AF9-BF1E-82D97F3E16AF}.Debug|ARM64.Build.0 = Debug|Any CPU
		{FBEE1952-7C4C-4AF9-BF1E-82D97F3E16AF}.Debug|x64.ActiveCfg = Debug|Any CPU
		{FBEE1952-7C4C-4AF9-BF1E-82D97F3E16AF}.Debug|x64.Build.0 = Debug|Any CPU
		{FBEE1952-7C4C-4AF9-BF1E-82D97F3E16AF}.Debug|x86.ActiveCfg = Debug|Any CPU
		{FBEE1952-7C4C-4AF9-BF1E-82D97F3E16AF}.Debug|x86.Build.0 = Debug|Any CPU
		{FBEE1952-7C4C-4AF9-BF1E-82D97F3E16AF}.Release|Any CPU.ActiveCfg = Release|Any CPU
		{FBEE1952-7C4C-4AF9-BF1E-82D97F3E16AF}.Release|Any CPU.Build.0 = Release|Any CPU
		{FBEE1952-7C4C-4AF9-BF1E-82D97F3E16AF}.Release|ARM.ActiveCfg = Release|Any CPU
		{FBEE1952-7C4C-4AF9-BF1E-82D97F3E16AF}.Release|ARM.Build.0 = Release|Any CPU
		{FBEE1952-7C4C-4AF9-BF1E-82D97F3E16AF}.Release|ARM32.ActiveCfg = Release|Any CPU
		{FBEE1952-7C4C-4AF9-BF1E-82D97F3E16AF}.Release|ARM32.Build.0 = Release|Any CPU
		{FBEE1952-7C4C-4AF9-BF1E-82D97F3E16AF}.Release|ARM64.ActiveCfg = Release|Any CPU
		{FBEE1952-7C4C-4AF9-BF1E-82D97F3E16AF}.Release|ARM64.Build.0 = Release|Any CPU
		{FBEE1952-7C4C-4AF9-BF1E-82D97F3E16AF}.Release|x64.ActiveCfg = Release|Any CPU
		{FBEE1952-7C4C-4AF9-BF1E-82D97F3E16AF}.Release|x64.Build.0 = Release|Any CPU
		{FBEE1952-7C4C-4AF9-BF1E-82D97F3E16AF}.Release|x86.ActiveCfg = Release|Any CPU
		{FBEE1952-7C4C-4AF9-BF1E-82D97F3E16AF}.Release|x86.Build.0 = Release|Any CPU
		{C2A37463-029A-426F-A144-126CB6927F36}.Debug|Any CPU.ActiveCfg = Debug|Any CPU
		{C2A37463-029A-426F-A144-126CB6927F36}.Debug|Any CPU.Build.0 = Debug|Any CPU
		{C2A37463-029A-426F-A144-126CB6927F36}.Debug|ARM.ActiveCfg = Debug|Any CPU
		{C2A37463-029A-426F-A144-126CB6927F36}.Debug|ARM.Build.0 = Debug|Any CPU
		{C2A37463-029A-426F-A144-126CB6927F36}.Debug|ARM32.ActiveCfg = Debug|Any CPU
		{C2A37463-029A-426F-A144-126CB6927F36}.Debug|ARM32.Build.0 = Debug|Any CPU
		{C2A37463-029A-426F-A144-126CB6927F36}.Debug|ARM64.ActiveCfg = Debug|Any CPU
		{C2A37463-029A-426F-A144-126CB6927F36}.Debug|ARM64.Build.0 = Debug|Any CPU
		{C2A37463-029A-426F-A144-126CB6927F36}.Debug|x64.ActiveCfg = Debug|Any CPU
		{C2A37463-029A-426F-A144-126CB6927F36}.Debug|x64.Build.0 = Debug|Any CPU
		{C2A37463-029A-426F-A144-126CB6927F36}.Debug|x86.ActiveCfg = Debug|Any CPU
		{C2A37463-029A-426F-A144-126CB6927F36}.Debug|x86.Build.0 = Debug|Any CPU
		{C2A37463-029A-426F-A144-126CB6927F36}.Release|Any CPU.ActiveCfg = Release|Any CPU
		{C2A37463-029A-426F-A144-126CB6927F36}.Release|Any CPU.Build.0 = Release|Any CPU
		{C2A37463-029A-426F-A144-126CB6927F36}.Release|ARM.ActiveCfg = Release|Any CPU
		{C2A37463-029A-426F-A144-126CB6927F36}.Release|ARM.Build.0 = Release|Any CPU
		{C2A37463-029A-426F-A144-126CB6927F36}.Release|ARM32.ActiveCfg = Release|Any CPU
		{C2A37463-029A-426F-A144-126CB6927F36}.Release|ARM32.Build.0 = Release|Any CPU
		{C2A37463-029A-426F-A144-126CB6927F36}.Release|ARM64.ActiveCfg = Release|Any CPU
		{C2A37463-029A-426F-A144-126CB6927F36}.Release|ARM64.Build.0 = Release|Any CPU
		{C2A37463-029A-426F-A144-126CB6927F36}.Release|x64.ActiveCfg = Release|Any CPU
		{C2A37463-029A-426F-A144-126CB6927F36}.Release|x64.Build.0 = Release|Any CPU
		{C2A37463-029A-426F-A144-126CB6927F36}.Release|x86.ActiveCfg = Release|Any CPU
		{C2A37463-029A-426F-A144-126CB6927F36}.Release|x86.Build.0 = Release|Any CPU
		{A51F4314-0AF7-449C-BE92-25EFCAF4CD58}.Debug|Any CPU.ActiveCfg = Debug|Any CPU
		{A51F4314-0AF7-449C-BE92-25EFCAF4CD58}.Debug|Any CPU.Build.0 = Debug|Any CPU
		{A51F4314-0AF7-449C-BE92-25EFCAF4CD58}.Debug|ARM.ActiveCfg = Debug|Any CPU
		{A51F4314-0AF7-449C-BE92-25EFCAF4CD58}.Debug|ARM.Build.0 = Debug|Any CPU
		{A51F4314-0AF7-449C-BE92-25EFCAF4CD58}.Debug|ARM32.ActiveCfg = Debug|Any CPU
		{A51F4314-0AF7-449C-BE92-25EFCAF4CD58}.Debug|ARM32.Build.0 = Debug|Any CPU
		{A51F4314-0AF7-449C-BE92-25EFCAF4CD58}.Debug|ARM64.ActiveCfg = Debug|Any CPU
		{A51F4314-0AF7-449C-BE92-25EFCAF4CD58}.Debug|ARM64.Build.0 = Debug|Any CPU
		{A51F4314-0AF7-449C-BE92-25EFCAF4CD58}.Debug|x64.ActiveCfg = Debug|Any CPU
		{A51F4314-0AF7-449C-BE92-25EFCAF4CD58}.Debug|x64.Build.0 = Debug|Any CPU
		{A51F4314-0AF7-449C-BE92-25EFCAF4CD58}.Debug|x86.ActiveCfg = Debug|Any CPU
		{A51F4314-0AF7-449C-BE92-25EFCAF4CD58}.Debug|x86.Build.0 = Debug|Any CPU
		{A51F4314-0AF7-449C-BE92-25EFCAF4CD58}.Release|Any CPU.ActiveCfg = Release|Any CPU
		{A51F4314-0AF7-449C-BE92-25EFCAF4CD58}.Release|Any CPU.Build.0 = Release|Any CPU
		{A51F4314-0AF7-449C-BE92-25EFCAF4CD58}.Release|ARM.ActiveCfg = Release|Any CPU
		{A51F4314-0AF7-449C-BE92-25EFCAF4CD58}.Release|ARM.Build.0 = Release|Any CPU
		{A51F4314-0AF7-449C-BE92-25EFCAF4CD58}.Release|ARM32.ActiveCfg = Release|Any CPU
		{A51F4314-0AF7-449C-BE92-25EFCAF4CD58}.Release|ARM32.Build.0 = Release|Any CPU
		{A51F4314-0AF7-449C-BE92-25EFCAF4CD58}.Release|ARM64.ActiveCfg = Release|Any CPU
		{A51F4314-0AF7-449C-BE92-25EFCAF4CD58}.Release|ARM64.Build.0 = Release|Any CPU
		{A51F4314-0AF7-449C-BE92-25EFCAF4CD58}.Release|x64.ActiveCfg = Release|Any CPU
		{A51F4314-0AF7-449C-BE92-25EFCAF4CD58}.Release|x64.Build.0 = Release|Any CPU
		{A51F4314-0AF7-449C-BE92-25EFCAF4CD58}.Release|x86.ActiveCfg = Release|Any CPU
		{A51F4314-0AF7-449C-BE92-25EFCAF4CD58}.Release|x86.Build.0 = Release|Any CPU
	EndGlobalSection
	GlobalSection(SolutionProperties) = preSolution
		HideSolutionNode = FALSE
	EndGlobalSection
	GlobalSection(NestedProjects) = preSolution
		{0E8D1B5A-DBF7-4ABA-81E4-AFBE927B6F50} = {0506C12E-DC87-401E-A5CC-0D375C7CF7E1}
		{19499CCF-0DC8-4AE8-BD4E-AC12116ED4AE} = {0506C12E-DC87-401E-A5CC-0D375C7CF7E1}
		{CF5F519E-3427-4AA1-AD3D-FEE52FEF87A6} = {0506C12E-DC87-401E-A5CC-0D375C7CF7E1}
		{1E6A02DA-D2FE-4109-AB4C-B56BF1A9736B} = {0506C12E-DC87-401E-A5CC-0D375C7CF7E1}
		{F3FCBCBA-9553-4911-93E7-C531D124A95E} = {0506C12E-DC87-401E-A5CC-0D375C7CF7E1}
		{FBEE1952-7C4C-4AF9-BF1E-82D97F3E16AF} = {0C88DD14-F956-CE84-757C-A364CCF449FC}
		{4D50C872-0B2B-01E2-E75D-055F43F25A9C} = {0506C12E-DC87-401E-A5CC-0D375C7CF7E1}
		{C2A37463-029A-426F-A144-126CB6927F36} = {4D50C872-0B2B-01E2-E75D-055F43F25A9C}
		{A51F4314-0AF7-449C-BE92-25EFCAF4CD58} = {4D50C872-0B2B-01E2-E75D-055F43F25A9C}
	EndGlobalSection
	GlobalSection(ExtensibilityGlobals) = postSolution
		SolutionGuid = {11D7050C-732F-46EC-AD91-615194E2A93D}
	EndGlobalSection
EndGlobal
