
Microsoft Visual Studio Solution File, Format Version 12.00
# Visual Studio Version 17
VisualStudioVersion = 17.3.32825.248
MinimumVisualStudioVersion = 10.0.40219.1
Project("{9A19103F-16F7-4668-BE54-9A1E7A4F7556}") = "OpenScrape.App", "src\OpenScrape.App\OpenScrape.App.csproj", "{0E8D1B5A-DBF7-4ABA-81E4-AFBE927B6F50}"
EndProject
Project("{2150E333-8FDC-42A3-9474-1A3956D46DE8}") = "src", "src", "{0506C12E-DC87-401E-A5CC-0D375C7CF7E1}"
EndProject
Global
	GlobalSection(SolutionConfigurationPlatforms) = preSolution
		Debug|Any CPU = Debug|Any CPU
		Debug|ARM = Debug|ARM
		Debug|ARM32 = Debug|ARM32
		Debug|ARM64 = Debug|ARM64
		Debug|x64 = Debug|x64
		Debug|x86 = Debug|x86
		Release|Any CPU = Release|Any CPU
		Release|ARM = Release|ARM
		Release|ARM32 = Release|ARM32
		Release|ARM64 = Release|ARM64
		Release|x64 = Release|x64
		Release|x86 = Release|x86
	EndGlobalSection
	GlobalSection(ProjectConfigurationPlatforms) = postSolution
		{0E8D1B5A-DBF7-4ABA-81E4-AFBE927B6F50}.Debug|Any CPU.ActiveCfg = Debug|Any CPU
		{0E8D1B5A-DBF7-4ABA-81E4-AFBE927B6F50}.Debug|Any CPU.Build.0 = Debug|Any CPU
		{0E8D1B5A-DBF7-4ABA-81E4-AFBE927B6F50}.Debug|ARM.ActiveCfg = Debug|Any CPU
		{0E8D1B5A-DBF7-4ABA-81E4-AFBE927B6F50}.Debug|ARM.Build.0 = Debug|Any CPU
		{0E8D1B5A-DBF7-4ABA-81E4-AFBE927B6F50}.Debug|ARM32.ActiveCfg = Debug|Any CPU
		{0E8D1B5A-DBF7-4ABA-81E4-AFBE927B6F50}.Debug|ARM32.Build.0 = Debug|Any CPU
		{0E8D1B5A-DBF7-4ABA-81E4-AFBE927B6F50}.Debug|ARM64.ActiveCfg = Debug|Any CPU
		{0E8D1B5A-DBF7-4ABA-81E4-AFBE927B6F50}.Debug|ARM64.Build.0 = Debug|Any CPU
		{0E8D1B5A-DBF7-4ABA-81E4-AFBE927B6F50}.Debug|x64.ActiveCfg = Debug|Any CPU
		{0E8D1B5A-DBF7-4ABA-81E4-AFBE927B6F50}.Debug|x64.Build.0 = Debug|Any CPU
		{0E8D1B5A-DBF7-4ABA-81E4-AFBE927B6F50}.Debug|x86.ActiveCfg = Debug|Any CPU
		{0E8D1B5A-DBF7-4ABA-81E4-AFBE927B6F50}.Debug|x86.Build.0 = Debug|Any CPU
		{0E8D1B5A-DBF7-4ABA-81E4-AFBE927B6F50}.Release|Any CPU.ActiveCfg = Release|Any CPU
		{0E8D1B5A-DBF7-4ABA-81E4-AFBE927B6F50}.Release|Any CPU.Build.0 = Release|Any CPU
		{0E8D1B5A-DBF7-4ABA-81E4-AFBE927B6F50}.Release|ARM.ActiveCfg = Release|Any CPU
		{0E8D1B5A-DBF7-4ABA-81E4-AFBE927B6F50}.Release|ARM.Build.0 = Release|Any CPU
		{0E8D1B5A-DBF7-4ABA-81E4-AFBE927B6F50}.Release|ARM32.ActiveCfg = Release|Any CPU
		{0E8D1B5A-DBF7-4ABA-81E4-AFBE927B6F50}.Release|ARM32.Build.0 = Release|Any CPU
		{0E8D1B5A-DBF7-4ABA-81E4-AFBE927B6F50}.Release|ARM64.ActiveCfg = Release|Any CPU
		{0E8D1B5A-DBF7-4ABA-81E4-AFBE927B6F50}.Release|ARM64.Build.0 = Release|Any CPU
		{0E8D1B5A-DBF7-4ABA-81E4-AFBE927B6F50}.Release|x64.ActiveCfg = Release|Any CPU
		{0E8D1B5A-DBF7-4ABA-81E4-AFBE927B6F50}.Release|x64.Build.0 = Release|Any CPU
		{0E8D1B5A-DBF7-4ABA-81E4-AFBE927B6F50}.Release|x86.ActiveCfg = Release|Any CPU
		{0E8D1B5A-DBF7-4ABA-81E4-AFBE927B6F50}.Release|x86.Build.0 = Release|Any CPU
	EndGlobalSection
	GlobalSection(SolutionProperties) = preSolution
		HideSolutionNode = FALSE
	EndGlobalSection
	GlobalSection(NestedProjects) = preSolution
		{0E8D1B5A-DBF7-4ABA-81E4-AFBE927B6F50} = {0506C12E-DC87-401E-A5CC-0D375C7CF7E1}
	EndGlobalSection
	GlobalSection(ExtensibilityGlobals) = postSolution
		SolutionGuid = {11D7050C-732F-46EC-AD91-615194E2A93D}
	EndGlobalSection
EndGlobal
